
Microsoft Visual Studio Solution File, Format Version 12.00
# Visual Studio Version 17
VisualStudioVersion = 17.0.31903.59
MinimumVisualStudioVersion = 10.0.40219.1
Project("{2150E333-8FDC-42A3-9474-1A3956D46DE8}") = "src", "src", "{827E0CD3-B72D-47B6-A68D-7590B98EB39B}"
EndProject
Project("{FAE04EC0-301F-11D3-BF4B-00C04F79EFBC}") = "Cambrian.Domain", "src\Cambrian.Domain\Cambrian.Domain.csproj", "{983E8745-036F-4C9B-A9B8-DE42967C789C}"
EndProject
Project("{FAE04EC0-301F-11D3-BF4B-00C04F79EFBC}") = "Cambrian.Application", "src\Cambrian.Application\Cambrian.Application.csproj", "{C67FE6D7-55E7-4D29-9CA6-53D260B6CA21}"
EndProject
Project("{FAE04EC0-301F-11D3-BF4B-00C04F79EFBC}") = "Cambrian.Persistence", "src\Cambrian.Persistence\Cambrian.Persistence.csproj", "{0E6C0BCC-AD1B-4F46-91EF-A4C073CFFE47}"
EndProject
Project("{FAE04EC0-301F-11D3-BF4B-00C04F79EFBC}") = "Cambrian.Infrastructure", "src\Cambrian.Infrastructure\Cambrian.Infrastructure.csproj", "{4A482550-52E9-479B-8168-55086B59893D}"
EndProject
Project("{FAE04EC0-301F-11D3-BF4B-00C04F79EFBC}") = "Cambrian.Api", "src\Cambrian.Api\Cambrian.Api.csproj", "{C1B6B8D8-40AE-4AA7-913F-AE2A6290EA5D}"
EndProject
Project("{2150E333-8FDC-42A3-9474-1A3956D46DE8}") = "tests", "tests", "{0AB3BF05-4346-4AA6-1389-037BE0695223}"
EndProject
Project("{FAE04EC0-301F-11D3-BF4B-00C04F79EFBC}") = "Cambrian.Api.Tests", "tests\Cambrian.Api.Tests\Cambrian.Api.Tests.csproj", "{C3F1882C-8F7F-4844-9EF3-215144A8FCCC}"
EndProject
Global
	GlobalSection(SolutionConfigurationPlatforms) = preSolution
		Debug|Any CPU = Debug|Any CPU
		Debug|x64 = Debug|x64
		Debug|x86 = Debug|x86
		Release|Any CPU = Release|Any CPU
		Release|x64 = Release|x64
		Release|x86 = Release|x86
	EndGlobalSection
	GlobalSection(ProjectConfigurationPlatforms) = postSolution
		{983E8745-036F-4C9B-A9B8-DE42967C789C}.Debug|Any CPU.ActiveCfg = Debug|Any CPU
		{983E8745-036F-4C9B-A9B8-DE42967C789C}.Debug|Any CPU.Build.0 = Debug|Any CPU
		{983E8745-036F-4C9B-A9B8-DE42967C789C}.Debug|x64.ActiveCfg = Debug|Any CPU
		{983E8745-036F-4C9B-A9B8-DE42967C789C}.Debug|x64.Build.0 = Debug|Any CPU
		{983E8745-036F-4C9B-A9B8-DE42967C789C}.Debug|x86.ActiveCfg = Debug|Any CPU
		{983E8745-036F-4C9B-A9B8-DE42967C789C}.Debug|x86.Build.0 = Debug|Any CPU
		{983E8745-036F-4C9B-A9B8-DE42967C789C}.Release|Any CPU.ActiveCfg = Release|Any CPU
		{983E8745-036F-4C9B-A9B8-DE42967C789C}.Release|Any CPU.Build.0 = Release|Any CPU
		{983E8745-036F-4C9B-A9B8-DE42967C789C}.Release|x64.ActiveCfg = Release|Any CPU
		{983E8745-036F-4C9B-A9B8-DE42967C789C}.Release|x64.Build.0 = Release|Any CPU
		{983E8745-036F-4C9B-A9B8-DE42967C789C}.Release|x86.ActiveCfg = Release|Any CPU
		{983E8745-036F-4C9B-A9B8-DE42967C789C}.Release|x86.Build.0 = Release|Any CPU
		{C67FE6D7-55E7-4D29-9CA6-53D260B6CA21}.Debug|Any CPU.ActiveCfg = Debug|Any CPU
		{C67FE6D7-55E7-4D29-9CA6-53D260B6CA21}.Debug|Any CPU.Build.0 = Debug|Any CPU
		{C67FE6D7-55E7-4D29-9CA6-53D260B6CA21}.Debug|x64.ActiveCfg = Debug|Any CPU
		{C67FE6D7-55E7-4D29-9CA6-53D260B6CA21}.Debug|x64.Build.0 = Debug|Any CPU
		{C67FE6D7-55E7-4D29-9CA6-53D260B6CA21}.Debug|x86.ActiveCfg = Debug|Any CPU
		{C67FE6D7-55E7-4D29-9CA6-53D260B6CA21}.Debug|x86.Build.0 = Debug|Any CPU
		{C67FE6D7-55E7-4D29-9CA6-53D260B6CA21}.Release|Any CPU.ActiveCfg = Release|Any CPU
		{C67FE6D7-55E7-4D29-9CA6-53D260B6CA21}.Release|Any CPU.Build.0 = Release|Any CPU
		{C67FE6D7-55E7-4D29-9CA6-53D260B6CA21}.Release|x64.ActiveCfg = Release|Any CPU
		{C67FE6D7-55E7-4D29-9CA6-53D260B6CA21}.Release|x64.Build.0 = Release|Any CPU
		{C67FE6D7-55E7-4D29-9CA6-53D260B6CA21}.Release|x86.ActiveCfg = Release|Any CPU
		{C67FE6D7-55E7-4D29-9CA6-53D260B6CA21}.Release|x86.Build.0 = Release|Any CPU
		{0E6C0BCC-AD1B-4F46-91EF-A4C073CFFE47}.Debug|Any CPU.ActiveCfg = Debug|Any CPU
		{0E6C0BCC-AD1B-4F46-91EF-A4C073CFFE47}.Debug|Any CPU.Build.0 = Debug|Any CPU
		{0E6C0BCC-AD1B-4F46-91EF-A4C073CFFE47}.Debug|x64.ActiveCfg = Debug|Any CPU
		{0E6C0BCC-AD1B-4F46-91EF-A4C073CFFE47}.Debug|x64.Build.0 = Debug|Any CPU
		{0E6C0BCC-AD1B-4F46-91EF-A4C073CFFE47}.Debug|x86.ActiveCfg = Debug|Any CPU
		{0E6C0BCC-AD1B-4F46-91EF-A4C073CFFE47}.Debug|x86.Build.0 = Debug|Any CPU
		{0E6C0BCC-AD1B-4F46-91EF-A4C073CFFE47}.Release|Any CPU.ActiveCfg = Release|Any CPU
		{0E6C0BCC-AD1B-4F46-91EF-A4C073CFFE47}.Release|Any CPU.Build.0 = Release|Any CPU
		{0E6C0BCC-AD1B-4F46-91EF-A4C073CFFE47}.Release|x64.ActiveCfg = Release|Any CPU
		{0E6C0BCC-AD1B-4F46-91EF-A4C073CFFE47}.Release|x64.Build.0 = Release|Any CPU
		{0E6C0BCC-AD1B-4F46-91EF-A4C073CFFE47}.Release|x86.ActiveCfg = Release|Any CPU
		{0E6C0BCC-AD1B-4F46-91EF-A4C073CFFE47}.Release|x86.Build.0 = Release|Any CPU
		{4A482550-52E9-479B-8168-55086B59893D}.Debug|Any CPU.ActiveCfg = Debug|Any CPU
		{4A482550-52E9-479B-8168-55086B59893D}.Debug|Any CPU.Build.0 = Debug|Any CPU
		{4A482550-52E9-479B-8168-55086B59893D}.Debug|x64.ActiveCfg = Debug|Any CPU
		{4A482550-52E9-479B-8168-55086B59893D}.Debug|x64.Build.0 = Debug|Any CPU
		{4A482550-52E9-479B-8168-55086B59893D}.Debug|x86.ActiveCfg = Debug|Any CPU
		{4A482550-52E9-479B-8168-55086B59893D}.Debug|x86.Build.0 = Debug|Any CPU
		{4A482550-52E9-479B-8168-55086B59893D}.Release|Any CPU.ActiveCfg = Release|Any CPU
		{4A482550-52E9-479B-8168-55086B59893D}.Release|Any CPU.Build.0 = Release|Any CPU
		{4A482550-52E9-479B-8168-55086B59893D}.Release|x64.ActiveCfg = Release|Any CPU
		{4A482550-52E9-479B-8168-55086B59893D}.Release|x64.Build.0 = Release|Any CPU
		{4A482550-52E9-479B-8168-55086B59893D}.Release|x86.ActiveCfg = Release|Any CPU
		{4A482550-52E9-479B-8168-55086B59893D}.Release|x86.Build.0 = Release|Any CPU
		{C1B6B8D8-40AE-4AA7-913F-AE2A6290EA5D}.Debug|Any CPU.ActiveCfg = Debug|Any CPU
		{C1B6B8D8-40AE-4AA7-913F-AE2A6290EA5D}.Debug|Any CPU.Build.0 = Debug|Any CPU
		{C1B6B8D8-40AE-4AA7-913F-AE2A6290EA5D}.Debug|x64.ActiveCfg = Debug|Any CPU
		{C1B6B8D8-40AE-4AA7-913F-AE2A6290EA5D}.Debug|x64.Build.0 = Debug|Any CPU
		{C1B6B8D8-40AE-4AA7-913F-AE2A6290EA5D}.Debug|x86.ActiveCfg = Debug|Any CPU
		{C1B6B8D8-40AE-4AA7-913F-AE2A6290EA5D}.Debug|x86.Build.0 = Debug|Any CPU
		{C1B6B8D8-40AE-4AA7-913F-AE2A6290EA5D}.Release|Any CPU.ActiveCfg = Release|Any CPU
		{C1B6B8D8-40AE-4AA7-913F-AE2A6290EA5D}.Release|Any CPU.Build.0 = Release|Any CPU
		{C1B6B8D8-40AE-4AA7-913F-AE2A6290EA5D}.Release|x64.ActiveCfg = Release|Any CPU
		{C1B6B8D8-40AE-4AA7-913F-AE2A6290EA5D}.Release|x64.Build.0 = Release|Any CPU
		{C1B6B8D8-40AE-4AA7-913F-AE2A6290EA5D}.Release|x86.ActiveCfg = Release|Any CPU
		{C1B6B8D8-40AE-4AA7-913F-AE2A6290EA5D}.Release|x86.Build.0 = Release|Any CPU
		{C3F1882C-8F7F-4844-9EF3-215144A8FCCC}.Debug|Any CPU.ActiveCfg = Debug|Any CPU
		{C3F1882C-8F7F-4844-9EF3-215144A8FCCC}.Debug|Any CPU.Build.0 = Debug|Any CPU
		{C3F1882C-8F7F-4844-9EF3-215144A8FCCC}.Debug|x64.ActiveCfg = Debug|Any CPU
		{C3F1882C-8F7F-4844-9EF3-215144A8FCCC}.Debug|x64.Build.0 = Debug|Any CPU
		{C3F1882C-8F7F-4844-9EF3-215144A8FCCC}.Debug|x86.ActiveCfg = Debug|Any CPU
		{C3F1882C-8F7F-4844-9EF3-215144A8FCCC}.Debug|x86.Build.0 = Debug|Any CPU
		{C3F1882C-8F7F-4844-9EF3-215144A8FCCC}.Release|Any CPU.ActiveCfg = Release|Any CPU
		{C3F1882C-8F7F-4844-9EF3-215144A8FCCC}.Release|Any CPU.Build.0 = Release|Any CPU
		{C3F1882C-8F7F-4844-9EF3-215144A8FCCC}.Release|x64.ActiveCfg = Release|Any CPU
		{C3F1882C-8F7F-4844-9EF3-215144A8FCCC}.Release|x64.Build.0 = Release|Any CPU
		{C3F1882C-8F7F-4844-9EF3-215144A8FCCC}.Release|x86.ActiveCfg = Release|Any CPU
		{C3F1882C-8F7F-4844-9EF3-215144A8FCCC}.Release|x86.Build.0 = Release|Any CPU
	EndGlobalSection
	GlobalSection(SolutionProperties) = preSolution
		HideSolutionNode = FALSE
	EndGlobalSection
	GlobalSection(NestedProjects) = preSolution
		{983E8745-036F-4C9B-A9B8-DE42967C789C} = {827E0CD3-B72D-47B6-A68D-7590B98EB39B}
		{C67FE6D7-55E7-4D29-9CA6-53D260B6CA21} = {827E0CD3-B72D-47B6-A68D-7590B98EB39B}
		{0E6C0BCC-AD1B-4F46-91EF-A4C073CFFE47} = {827E0CD3-B72D-47B6-A68D-7590B98EB39B}
		{4A482550-52E9-479B-8168-55086B59893D} = {827E0CD3-B72D-47B6-A68D-7590B98EB39B}
		{C1B6B8D8-40AE-4AA7-913F-AE2A6290EA5D} = {827E0CD3-B72D-47B6-A68D-7590B98EB39B}
		{C3F1882C-8F7F-4844-9EF3-215144A8FCCC} = {0AB3BF05-4346-4AA6-1389-037BE0695223}
	EndGlobalSection
EndGlobal
